
Microsoft Visual Studio Solution File, Format Version 12.00
# Visual Studio Version 16
VisualStudioVersion = 16.0.31112.23
MinimumVisualStudioVersion = 10.0.40219.1
Project("{FAE04EC0-301F-11D3-BF4B-00C04F79EFBC}") = "BlueBox 3DViewer", "BlueBox 3DViewer\BlueBox 3DViewer.csproj", "{BA724E7C-C746-4B28-A6BC-3F093F789B4B}"
EndProject
Project("{FAE04EC0-301F-11D3-BF4B-00C04F79EFBC}") = "wpfcomponent", "wpfcomponent\wpfcomponent.csproj", "{4A56A591-16D5-4551-B76F-BFEDB4DC21A4}"
EndProject
Global
	GlobalSection(SolutionConfigurationPlatforms) = preSolution
		Debug|Any CPU = Debug|Any CPU
		Release|Any CPU = Release|Any CPU
	EndGlobalSection
	GlobalSection(ProjectConfigurationPlatforms) = postSolution
		{BA724E7C-C746-4B28-A6BC-3F093F789B4B}.Debug|Any CPU.ActiveCfg = Debug|Any CPU
		{BA724E7C-C746-4B28-A6BC-3F093F789B4B}.Debug|Any CPU.Build.0 = Debug|Any CPU
		{BA724E7C-C746-4B28-A6BC-3F093F789B4B}.Release|Any CPU.ActiveCfg = Release|Any CPU
		{BA724E7C-C746-4B28-A6BC-3F093F789B4B}.Release|Any CPU.Build.0 = Release|Any CPU
		{4A56A591-16D5-4551-B76F-BFEDB4DC21A4}.Debug|Any CPU.ActiveCfg = Debug|Any CPU
		{4A56A591-16D5-4551-B76F-BFEDB4DC21A4}.Debug|Any CPU.Build.0 = Debug|Any CPU
		{4A56A591-16D5-4551-B76F-BFEDB4DC21A4}.Release|Any CPU.ActiveCfg = Release|Any CPU
		{4A56A591-16D5-4551-B76F-BFEDB4DC21A4}.Release|Any CPU.Build.0 = Release|Any CPU
	EndGlobalSection
	GlobalSection(SolutionProperties) = preSolution
		HideSolutionNode = FALSE
	EndGlobalSection
	GlobalSection(ExtensibilityGlobals) = postSolution
		SolutionGuid = {08CFAAD1-6137-420C-A59E-501CB39C965D}
	EndGlobalSection
EndGlobal
